
Microsoft Visual Studio Solution File, Format Version 12.00
Project("{FAE04EC0-301F-11D3-BF4B-00C04F79EFBC}") = "Department", "Department\Department.csproj", "{A5536CDF-370C-4B1F-9F43-426CF6C1993E}"
EndProject
Global
	GlobalSection(SolutionConfigurationPlatforms) = preSolution
		Debug|Any CPU = Debug|Any CPU
		Release|Any CPU = Release|Any CPU
	EndGlobalSection
	GlobalSection(ProjectConfigurationPlatforms) = postSolution
		{A5536CDF-370C-4B1F-9F43-426CF6C1993E}.Debug|Any CPU.ActiveCfg = Debug|Any CPU
		{A5536CDF-370C-4B1F-9F43-426CF6C1993E}.Debug|Any CPU.Build.0 = Debug|Any CPU
		{A5536CDF-370C-4B1F-9F43-426CF6C1993E}.Release|Any CPU.ActiveCfg = Release|Any CPU
		{A5536CDF-370C-4B1F-9F43-426CF6C1993E}.Release|Any CPU.Build.0 = Release|Any CPU
	EndGlobalSection
EndGlobal
